{
  "lockfile_version": "1",
  "packages": {
    "curl@latest": {
      "last_modified": "2024-08-27T08:49:48Z",
      "resolved": "github:NixOS/nixpkgs/a6292e34000dc93d43bccf78338770c1c5ec8a99#curl",
      "source": "devbox-search",
      "version": "8.9.0",
      "systems": {
        "aarch64-darwin": {
          "outputs": [
            {
              "name": "bin",
              "path": "/nix/store/c8zjxnirrs9w62rh5mnzd54rx9w31zai-curl-8.9.0-bin",
              "default": true
            },
            {
              "name": "man",
              "path": "/nix/store/s7mcf5vjgqzfvpscw8s182v8vf6c2q95-curl-8.9.0-man",
              "default": true
            },
            {
              "name": "dev",
              "path": "/nix/store/96h80z8vhdh6m71n74dxqc27vf7l542d-curl-8.9.0-dev"
            },
            {
              "name": "devdoc",
              "path": "/nix/store/wlpdpn2y8p4xi37dmbgvsvfb9midqj90-curl-8.9.0-devdoc"
            },
            {
              "name": "out",
              "path": "/nix/store/q4j78718q8lsqavm0jjh2qzfd4jq94vd-curl-8.9.0"
            }
          ],
          "store_path": "/nix/store/c8zjxnirrs9w62rh5mnzd54rx9w31zai-curl-8.9.0-bin"
        },
        "aarch64-linux": {
          "outputs": [
            {
              "name": "bin",
              "path": "/nix/store/kl8rbmykp9qxr9kf0kxbm17zkca3v370-curl-8.9.0-bin",
              "default": true
            },
            {
              "name": "man",
              "path": "/nix/store/348y0w2ffkwf28fyj316798bk979bajr-curl-8.9.0-man",
              "default": true
            },
            {
              "name": "devdoc",
              "path": "/nix/store/gaq5wfqpv8civ3v0g58l6h65wbji14vr-curl-8.9.0-devdoc"
            },
            {
              "name": "out",
              "path": "/nix/store/f389sfk00in6l1hvq6jhbnysy0p4l0mg-curl-8.9.0"
            },
            {
              "name": "debug",
              "path": "/nix/store/d860jgqwk43jhg7x1b2aq4c30xx23wli-curl-8.9.0-debug"
            },
            {
              "name": "dev",
              "path": "/nix/store/pliq1d472pvylaf4gln7nflscghgndhs-curl-8.9.0-dev"
            }
          ],
          "store_path": "/nix/store/kl8rbmykp9qxr9kf0kxbm17zkca3v370-curl-8.9.0-bin"
        },
        "x86_64-darwin": {
          "outputs": [
            {
              "name": "bin",
              "path": "/nix/store/kh8mmpqim42chc9s12h7hk34v5lnws32-curl-8.9.0-bin",
              "default": true
            },
            {
              "name": "man",
              "path": "/nix/store/zjz6s2awahy167ygh1c9y2520fbv97fv-curl-8.9.0-man",
              "default": true
            },
            {
              "name": "dev",
              "path": "/nix/store/3vbnp9yw7v9gpd43m5saclyzchrb5w2k-curl-8.9.0-dev"
            },
            {
              "name": "devdoc",
              "path": "/nix/store/mw92bxkz3ysfsp7prkx5lz497da27ilw-curl-8.9.0-devdoc"
            },
            {
              "name": "out",
              "path": "/nix/store/r5k1h1777nq0l8hhbb5w6nklj1br5yxb-curl-8.9.0"
            }
          ],
          "store_path": "/nix/store/kh8mmpqim42chc9s12h7hk34v5lnws32-curl-8.9.0-bin"
        },
        "x86_64-linux": {
          "outputs": [
            {
              "name": "bin",
              "path": "/nix/store/fv44n5lc7kgz8ivpqzyd857whggdfy17-curl-8.9.0-bin",
              "default": true
            },
            {
              "name": "man",
              "path": "/nix/store/8md42r901syamn55rsi16bb7kxf7g384-curl-8.9.0-man",
              "default": true
            },
            {
              "name": "out",
              "path": "/nix/store/n6sn7yf3kkc0hh463w74gi6lj51p3cdc-curl-8.9.0"
            },
            {
              "name": "debug",
              "path": "/nix/store/8py8g44fwn1ssp3i576rr6wmnw48wnaw-curl-8.9.0-debug"
            },
            {
              "name": "dev",
              "path": "/nix/store/wsv4nk804b2gwglgzvgwp8h4xqjk23xh-curl-8.9.0-dev"
            },
            {
              "name": "devdoc",
              "path": "/nix/store/prd1afjz6nr2dmzdhxkrndy74whccf0q-curl-8.9.0-devdoc"
            }
          ],
          "store_path": "/nix/store/fv44n5lc7kgz8ivpqzyd857whggdfy17-curl-8.9.0-bin"
        }
      }
    },
    "docker@latest": {
      "last_modified": "2024-08-17T10:40:00Z",
      "resolved": "github:NixOS/nixpkgs/a0d6390cb3e82062a35d0288979c45756e481f60#docker",
      "source": "devbox-search",
      "version": "27.1.1",
      "systems": {
        "aarch64-darwin": {
          "outputs": [
            {
              "name": "out",
              "path": "/nix/store/6hczrp87s1gc43shvfm72li0wgxcdnav-docker-27.1.1",
              "default": true
            }
          ],
          "store_path": "/nix/store/6hczrp87s1gc43shvfm72li0wgxcdnav-docker-27.1.1"
        },
        "aarch64-linux": {
          "outputs": [
            {
              "name": "out",
              "path": "/nix/store/9y377zbhflzw9080lpk8rhbgdmb1sm33-docker-27.1.1",
              "default": true
            }
          ],
          "store_path": "/nix/store/9y377zbhflzw9080lpk8rhbgdmb1sm33-docker-27.1.1"
        },
        "x86_64-darwin": {
          "outputs": [
            {
              "name": "out",
              "path": "/nix/store/bngmcm26xmywy5mmgnvmygb9fjv2252j-docker-27.1.1",
              "default": true
            }
          ],
          "store_path": "/nix/store/bngmcm26xmywy5mmgnvmygb9fjv2252j-docker-27.1.1"
        },
        "x86_64-linux": {
          "outputs": [
            {
              "name": "out",
              "path": "/nix/store/jp31x76yh6x6gdy82c0chd9rha9pk6zf-docker-27.1.1",
              "default": true
            }
          ],
          "store_path": "/nix/store/jp31x76yh6x6gdy82c0chd9rha9pk6zf-docker-27.1.1"
        }
      }
    },
    "git@latest": {
      "last_modified": "2024-08-21T20:16:49Z",
      "resolved": "github:NixOS/nixpkgs/36a9aeaaa17a2d4348498275f9fe530cd4f9e519#git",
      "source": "devbox-search",
      "version": "2.45.2",
      "systems": {
        "aarch64-darwin": {
          "outputs": [
            {
              "name": "out",
              "path": "/nix/store/0hiwlijxhs9mvigjfsggl5rkr4gpk52q-git-2.45.2",
              "default": true
            },
            {
              "name": "doc",
              "path": "/nix/store/rfzz8cr3hsk7gr35dk7hcbrfyqyxjibn-git-2.45.2-doc"
            }
          ],
          "store_path": "/nix/store/0hiwlijxhs9mvigjfsggl5rkr4gpk52q-git-2.45.2"
        },
        "aarch64-linux": {
          "outputs": [
            {
              "name": "out",
              "path": "/nix/store/psrwvc0d56phgxn35dam0mkl6793ii4m-git-2.45.2",
              "default": true
            },
            {
              "name": "debug",
              "path": "/nix/store/5hhh66s7rvqj321mp6dqshsrh16prycr-git-2.45.2-debug"
            },
            {
              "name": "doc",
              "path": "/nix/store/xymplxcmd2snjikl6z7i45v2mrn1ghbl-git-2.45.2-doc"
            }
          ],
          "store_path": "/nix/store/psrwvc0d56phgxn35dam0mkl6793ii4m-git-2.45.2"
        },
        "x86_64-darwin": {
          "outputs": [
            {
              "name": "out",
              "path": "/nix/store/82ibhj1j82f19d4vwn7z88c9b1zg7xxa-git-2.45.2",
              "default": true
            },
            {
              "name": "doc",
              "path": "/nix/store/z8q4agw3vfj7vlix8ppswrz900i6bsn3-git-2.45.2-doc"
            }
          ],
          "store_path": "/nix/store/82ibhj1j82f19d4vwn7z88c9b1zg7xxa-git-2.45.2"
        },
        "x86_64-linux": {
          "outputs": [
            {
              "name": "out",
              "path": "/nix/store/p45c31p2qhwjy4vf60v2d2mw9bvvpb67-git-2.45.2",
              "default": true
            },
            {
              "name": "debug",
              "path": "/nix/store/avmjkyw7m8qj9ylbziwigahmcyrgyxig-git-2.45.2-debug"
            },
            {
              "name": "doc",
              "path": "/nix/store/qlc68q98b3q3nd7prbdmkmm133vy2bf1-git-2.45.2-doc"
            }
          ],
          "store_path": "/nix/store/p45c31p2qhwjy4vf60v2d2mw9bvvpb67-git-2.45.2"
        }
      }
    },
    "jq@latest": {
      "last_modified": "2024-08-27T08:49:48Z",
      "resolved": "github:NixOS/nixpkgs/a6292e34000dc93d43bccf78338770c1c5ec8a99#jq",
      "source": "devbox-search",
      "version": "1.7.1",
      "systems": {
        "aarch64-darwin": {
          "outputs": [
            {
              "name": "bin",
              "path": "/nix/store/ljpsp4f53h3ckmc4czxflj80ix8fqpdd-jq-1.7.1-bin",
              "default": true
            },
            {
              "name": "man",
              "path": "/nix/store/nga89iljl17wwhr249l3pn688l6l746f-jq-1.7.1-man",
              "default": true
            },
            {
              "name": "dev",
              "path": "/nix/store/qjq0bcabb4qsmsdsvd1j969m8ldizih5-jq-1.7.1-dev"
            },
            {
              "name": "doc",
              "path": "/nix/store/fjnj42dfjx6dm3d58ak7jgkp41gcgzz2-jq-1.7.1-doc"
            },
            {
              "name": "lib",
              "path": "/nix/store/gvdvq75g2l8imsnwkig0y016yml11xi2-jq-1.7.1-lib"
            },
            {
              "name": "out",
              "path": "/nix/store/pipq080jz3g82l69pxivws45y76bdr2x-jq-1.7.1"
            }
          ],
          "store_path": "/nix/store/ljpsp4f53h3ckmc4czxflj80ix8fqpdd-jq-1.7.1-bin"
        },
        "aarch64-linux": {
          "outputs": [
            {
              "name": "bin",
              "path": "/nix/store/r5zdg1d18jlrbz72y385y8c73qxhig97-jq-1.7.1-bin",
              "default": true
            },
            {
              "name": "man",
              "path": "/nix/store/k75i4l619mqwq1zlcq23b89dx7gxalm7-jq-1.7.1-man",
              "default": true
            },
            {
              "name": "dev",
              "path": "/nix/store/8v7lp5414jskbrxq28rp8mnm4x8w8rsq-jq-1.7.1-dev"
            },
            {
              "name": "doc",
              "path": "/nix/store/vnxv8cz3ad5hhc5blqa5x22wysklh3bi-jq-1.7.1-doc"
            },
            {
              "name": "lib",
              "path": "/nix/store/4jyirc6ds8blyq9gghjasaqp7ysjxi0n-jq-1.7.1-lib"
            },
            {
              "name": "out",
              "path": "/nix/store/7pl1lv0lws955p475l8bc48fyp4z5ls5-jq-1.7.1"
            }
          ],
          "store_path": "/nix/store/r5zdg1d18jlrbz72y385y8c73qxhig97-jq-1.7.1-bin"
        },
        "x86_64-darwin": {
          "outputs": [
            {
              "name": "bin",
              "path": "/nix/store/hnn3wa3n91b79dhqizi887wbp4h48b4l-jq-1.7.1-bin",
              "default": true
            },
            {
              "name": "man",
              "path": "/nix/store/qdydz8l82h62khyx2nnj20b22a40j40b-jq-1.7.1-man",
              "default": true
            },
            {
              "name": "dev",
              "path": "/nix/store/xivn6zjd871mkrgrwwzppbf3d3ip88mn-jq-1.7.1-dev"
            },
            {
              "name": "doc",
              "path": "/nix/store/7md9ys6s8pda9xk328i3jvwfzmbip77k-jq-1.7.1-doc"
            },
            {
              "name": "lib",
              "path": "/nix/store/pjqbn8yyirdi2p24n1dq7vjha59b9x5i-jq-1.7.1-lib"
            },
            {
              "name": "out",
              "path": "/nix/store/dy83nyjdjdrgfcxjaxwva5m20xbmxphw-jq-1.7.1"
            }
          ],
          "store_path": "/nix/store/hnn3wa3n91b79dhqizi887wbp4h48b4l-jq-1.7.1-bin"
        },
        "x86_64-linux": {
          "outputs": [
            {
              "name": "bin",
              "path": "/nix/store/wq2z3xx9z1d1d1c46mcrpd292qmnxdaa-jq-1.7.1-bin",
              "default": true
            },
            {
              "name": "man",
              "path": "/nix/store/cdad3zr7v3j36l84x67y975f6hbqsn0z-jq-1.7.1-man",
              "default": true
            },
            {
              "name": "dev",
              "path": "/nix/store/hs3z0qj7vixfynv0337dx23rq8jyfiwx-jq-1.7.1-dev"
            },
            {
              "name": "doc",
              "path": "/nix/store/anl913qgdri5bg7p9j3xl1ihr68dbp8l-jq-1.7.1-doc"
            },
            {
              "name": "lib",
              "path": "/nix/store/inklgpq2p12r44crs5fj6n3mwh5gvqb9-jq-1.7.1-lib"
            },
            {
              "name": "out",
              "path": "/nix/store/2yrlci50s3qma5wcnsisy9w4i4xva58l-jq-1.7.1"
            }
          ],
          "store_path": "/nix/store/wq2z3xx9z1d1d1c46mcrpd292qmnxdaa-jq-1.7.1-bin"
        }
      }
    }
  }
}
